
Microsoft Visual Studio Solution File, Format Version 12.00
# Visual Studio 15
VisualStudioVersion = 15.0.26430.13
MinimumVisualStudioVersion = 10.0.40219.1
Project("{FAE04EC0-301F-11D3-BF4B-00C04F79EFBC}") = "SoloTravellerApp.Android", "SoloTravellerApp\SoloTravellerApp.Android\SoloTravellerApp.Android.csproj", "{22518B3E-F2A5-498D-8EC0-4FE0A596E319}"
EndProject
Project("{FAE04EC0-301F-11D3-BF4B-00C04F79EFBC}") = "SoloTravellerApp", "SoloTravellerApp\SoloTravellerApp\SoloTravellerApp.csproj", "{08DDEAEF-1AD2-4152-A54E-554FD6B94803}"
EndProject
Project("{FAE04EC0-301F-11D3-BF4B-00C04F79EFBC}") = "SoloTravellerApp.UWP", "SoloTravellerApp\SoloTravellerApp.UWP\SoloTravellerApp.UWP.csproj", "{A840D649-05DB-48F4-80C8-A5ACB5E12216}"
EndProject
Project("{FAE04EC0-301F-11D3-BF4B-00C04F79EFBC}") = "SoloTravellerApp.iOS", "SoloTravellerApp\SoloTravellerApp.iOS\SoloTravellerApp.iOS.csproj", "{4A74064F-CBFD-49A2-AF6C-9B285002BE1E}"
EndProject
Global
	GlobalSection(SolutionConfigurationPlatforms) = preSolution
		Ad-Hoc|Any CPU = Ad-Hoc|Any CPU
		Ad-Hoc|ARM = Ad-Hoc|ARM
		Ad-Hoc|iPhone = Ad-Hoc|iPhone
		Ad-Hoc|iPhoneSimulator = Ad-Hoc|iPhoneSimulator
		Ad-Hoc|x64 = Ad-Hoc|x64
		Ad-Hoc|x86 = Ad-Hoc|x86
		AppStore|Any CPU = AppStore|Any CPU
		AppStore|ARM = AppStore|ARM
		AppStore|iPhone = AppStore|iPhone
		AppStore|iPhoneSimulator = AppStore|iPhoneSimulator
		AppStore|x64 = AppStore|x64
		AppStore|x86 = AppStore|x86
		Debug|Any CPU = Debug|Any CPU
		Debug|ARM = Debug|ARM
		Debug|iPhone = Debug|iPhone
		Debug|iPhoneSimulator = Debug|iPhoneSimulator
		Debug|x64 = Debug|x64
		Debug|x86 = Debug|x86
		Release|Any CPU = Release|Any CPU
		Release|ARM = Release|ARM
		Release|iPhone = Release|iPhone
		Release|iPhoneSimulator = Release|iPhoneSimulator
		Release|x64 = Release|x64
		Release|x86 = Release|x86
	EndGlobalSection
	GlobalSection(ProjectConfigurationPlatforms) = postSolution
		{22518B3E-F2A5-498D-8EC0-4FE0A596E319}.Ad-Hoc|Any CPU.ActiveCfg = Release|Any CPU
		{22518B3E-F2A5-498D-8EC0-4FE0A596E319}.Ad-Hoc|Any CPU.Build.0 = Release|Any CPU
		{22518B3E-F2A5-498D-8EC0-4FE0A596E319}.Ad-Hoc|Any CPU.Deploy.0 = Release|Any CPU
		{22518B3E-F2A5-498D-8EC0-4FE0A596E319}.Ad-Hoc|ARM.ActiveCfg = Release|Any CPU
		{22518B3E-F2A5-498D-8EC0-4FE0A596E319}.Ad-Hoc|ARM.Build.0 = Release|Any CPU
		{22518B3E-F2A5-498D-8EC0-4FE0A596E319}.Ad-Hoc|ARM.Deploy.0 = Release|Any CPU
		{22518B3E-F2A5-498D-8EC0-4FE0A596E319}.Ad-Hoc|iPhone.ActiveCfg = Release|Any CPU
		{22518B3E-F2A5-498D-8EC0-4FE0A596E319}.Ad-Hoc|iPhone.Build.0 = Release|Any CPU
		{22518B3E-F2A5-498D-8EC0-4FE0A596E319}.Ad-Hoc|iPhone.Deploy.0 = Release|Any CPU
		{22518B3E-F2A5-498D-8EC0-4FE0A596E319}.Ad-Hoc|iPhoneSimulator.ActiveCfg = Release|Any CPU
		{22518B3E-F2A5-498D-8EC0-4FE0A596E319}.Ad-Hoc|iPhoneSimulator.Build.0 = Release|Any CPU
		{22518B3E-F2A5-498D-8EC0-4FE0A596E319}.Ad-Hoc|iPhoneSimulator.Deploy.0 = Release|Any CPU
		{22518B3E-F2A5-498D-8EC0-4FE0A596E319}.Ad-Hoc|x64.ActiveCfg = Release|Any CPU
		{22518B3E-F2A5-498D-8EC0-4FE0A596E319}.Ad-Hoc|x64.Build.0 = Release|Any CPU
		{22518B3E-F2A5-498D-8EC0-4FE0A596E319}.Ad-Hoc|x64.Deploy.0 = Release|Any CPU
		{22518B3E-F2A5-498D-8EC0-4FE0A596E319}.Ad-Hoc|x86.ActiveCfg = Release|Any CPU
		{22518B3E-F2A5-498D-8EC0-4FE0A596E319}.Ad-Hoc|x86.Build.0 = Release|Any CPU
		{22518B3E-F2A5-498D-8EC0-4FE0A596E319}.Ad-Hoc|x86.Deploy.0 = Release|Any CPU
		{22518B3E-F2A5-498D-8EC0-4FE0A596E319}.AppStore|Any CPU.ActiveCfg = Release|Any CPU
		{22518B3E-F2A5-498D-8EC0-4FE0A596E319}.AppStore|Any CPU.Build.0 = Release|Any CPU
		{22518B3E-F2A5-498D-8EC0-4FE0A596E319}.AppStore|Any CPU.Deploy.0 = Release|Any CPU
		{22518B3E-F2A5-498D-8EC0-4FE0A596E319}.AppStore|ARM.ActiveCfg = Release|Any CPU
		{22518B3E-F2A5-498D-8EC0-4FE0A596E319}.AppStore|ARM.Build.0 = Release|Any CPU
		{22518B3E-F2A5-498D-8EC0-4FE0A596E319}.AppStore|ARM.Deploy.0 = Release|Any CPU
		{22518B3E-F2A5-498D-8EC0-4FE0A596E319}.AppStore|iPhone.ActiveCfg = Release|Any CPU
		{22518B3E-F2A5-498D-8EC0-4FE0A596E319}.AppStore|iPhone.Build.0 = Release|Any CPU
		{22518B3E-F2A5-498D-8EC0-4FE0A596E319}.AppStore|iPhone.Deploy.0 = Release|Any CPU
		{22518B3E-F2A5-498D-8EC0-4FE0A596E319}.AppStore|iPhoneSimulator.ActiveCfg = Release|Any CPU
		{22518B3E-F2A5-498D-8EC0-4FE0A596E319}.AppStore|iPhoneSimulator.Build.0 = Release|Any CPU
		{22518B3E-F2A5-498D-8EC0-4FE0A596E319}.AppStore|iPhoneSimulator.Deploy.0 = Release|Any CPU
		{22518B3E-F2A5-498D-8EC0-4FE0A596E319}.AppStore|x64.ActiveCfg = Release|Any CPU
		{22518B3E-F2A5-498D-8EC0-4FE0A596E319}.AppStore|x64.Build.0 = Release|Any CPU
		{22518B3E-F2A5-498D-8EC0-4FE0A596E319}.AppStore|x64.Deploy.0 = Release|Any CPU
		{22518B3E-F2A5-498D-8EC0-4FE0A596E319}.AppStore|x86.ActiveCfg = Release|Any CPU
		{22518B3E-F2A5-498D-8EC0-4FE0A596E319}.AppStore|x86.Build.0 = Release|Any CPU
		{22518B3E-F2A5-498D-8EC0-4FE0A596E319}.AppStore|x86.Deploy.0 = Release|Any CPU
		{22518B3E-F2A5-498D-8EC0-4FE0A596E319}.Debug|Any CPU.ActiveCfg = Debug|Any CPU
		{22518B3E-F2A5-498D-8EC0-4FE0A596E319}.Debug|Any CPU.Build.0 = Debug|Any CPU
		{22518B3E-F2A5-498D-8EC0-4FE0A596E319}.Debug|Any CPU.Deploy.0 = Debug|Any CPU
		{22518B3E-F2A5-498D-8EC0-4FE0A596E319}.Debug|ARM.ActiveCfg = Debug|Any CPU
		{22518B3E-F2A5-498D-8EC0-4FE0A596E319}.Debug|ARM.Build.0 = Debug|Any CPU
		{22518B3E-F2A5-498D-8EC0-4FE0A596E319}.Debug|ARM.Deploy.0 = Debug|Any CPU
		{22518B3E-F2A5-498D-8EC0-4FE0A596E319}.Debug|iPhone.ActiveCfg = Debug|Any CPU
		{22518B3E-F2A5-498D-8EC0-4FE0A596E319}.Debug|iPhone.Build.0 = Debug|Any CPU
		{22518B3E-F2A5-498D-8EC0-4FE0A596E319}.Debug|iPhone.Deploy.0 = Debug|Any CPU
		{22518B3E-F2A5-498D-8EC0-4FE0A596E319}.Debug|iPhoneSimulator.ActiveCfg = Debug|Any CPU
		{22518B3E-F2A5-498D-8EC0-4FE0A596E319}.Debug|iPhoneSimulator.Build.0 = Debug|Any CPU
		{22518B3E-F2A5-498D-8EC0-4FE0A596E319}.Debug|iPhoneSimulator.Deploy.0 = Debug|Any CPU
		{22518B3E-F2A5-498D-8EC0-4FE0A596E319}.Debug|x64.ActiveCfg = Debug|Any CPU
		{22518B3E-F2A5-498D-8EC0-4FE0A596E319}.Debug|x64.Build.0 = Debug|Any CPU
		{22518B3E-F2A5-498D-8EC0-4FE0A596E319}.Debug|x64.Deploy.0 = Debug|Any CPU
		{22518B3E-F2A5-498D-8EC0-4FE0A596E319}.Debug|x86.ActiveCfg = Debug|Any CPU
		{22518B3E-F2A5-498D-8EC0-4FE0A596E319}.Debug|x86.Build.0 = Debug|Any CPU
		{22518B3E-F2A5-498D-8EC0-4FE0A596E319}.Debug|x86.Deploy.0 = Debug|Any CPU
		{22518B3E-F2A5-498D-8EC0-4FE0A596E319}.Release|Any CPU.ActiveCfg = Release|Any CPU
		{22518B3E-F2A5-498D-8EC0-4FE0A596E319}.Release|Any CPU.Build.0 = Release|Any CPU
		{22518B3E-F2A5-498D-8EC0-4FE0A596E319}.Release|Any CPU.Deploy.0 = Release|Any CPU
		{22518B3E-F2A5-498D-8EC0-4FE0A596E319}.Release|ARM.ActiveCfg = Release|Any CPU
		{22518B3E-F2A5-498D-8EC0-4FE0A596E319}.Release|ARM.Build.0 = Release|Any CPU
		{22518B3E-F2A5-498D-8EC0-4FE0A596E319}.Release|ARM.Deploy.0 = Release|Any CPU
		{22518B3E-F2A5-498D-8EC0-4FE0A596E319}.Release|iPhone.ActiveCfg = Release|Any CPU
		{22518B3E-F2A5-498D-8EC0-4FE0A596E319}.Release|iPhone.Build.0 = Release|Any CPU
		{22518B3E-F2A5-498D-8EC0-4FE0A596E319}.Release|iPhone.Deploy.0 = Release|Any CPU
		{22518B3E-F2A5-498D-8EC0-4FE0A596E319}.Release|iPhoneSimulator.ActiveCfg = Release|Any CPU
		{22518B3E-F2A5-498D-8EC0-4FE0A596E319}.Release|iPhoneSimulator.Build.0 = Release|Any CPU
		{22518B3E-F2A5-498D-8EC0-4FE0A596E319}.Release|iPhoneSimulator.Deploy.0 = Release|Any CPU
		{22518B3E-F2A5-498D-8EC0-4FE0A596E319}.Release|x64.ActiveCfg = Release|Any CPU
		{22518B3E-F2A5-498D-8EC0-4FE0A596E319}.Release|x64.Build.0 = Release|Any CPU
		{22518B3E-F2A5-498D-8EC0-4FE0A596E319}.Release|x64.Deploy.0 = Release|Any CPU
		{22518B3E-F2A5-498D-8EC0-4FE0A596E319}.Release|x86.ActiveCfg = Release|Any CPU
		{22518B3E-F2A5-498D-8EC0-4FE0A596E319}.Release|x86.Build.0 = Release|Any CPU
		{22518B3E-F2A5-498D-8EC0-4FE0A596E319}.Release|x86.Deploy.0 = Release|Any CPU
		{08DDEAEF-1AD2-4152-A54E-554FD6B94803}.Ad-Hoc|Any CPU.ActiveCfg = Release|Any CPU
		{08DDEAEF-1AD2-4152-A54E-554FD6B94803}.Ad-Hoc|Any CPU.Build.0 = Release|Any CPU
		{08DDEAEF-1AD2-4152-A54E-554FD6B94803}.Ad-Hoc|ARM.ActiveCfg = Release|Any CPU
		{08DDEAEF-1AD2-4152-A54E-554FD6B94803}.Ad-Hoc|ARM.Build.0 = Release|Any CPU
		{08DDEAEF-1AD2-4152-A54E-554FD6B94803}.Ad-Hoc|iPhone.ActiveCfg = Release|Any CPU
		{08DDEAEF-1AD2-4152-A54E-554FD6B94803}.Ad-Hoc|iPhone.Build.0 = Release|Any CPU
		{08DDEAEF-1AD2-4152-A54E-554FD6B94803}.Ad-Hoc|iPhoneSimulator.ActiveCfg = Release|Any CPU
		{08DDEAEF-1AD2-4152-A54E-554FD6B94803}.Ad-Hoc|iPhoneSimulator.Build.0 = Release|Any CPU
		{08DDEAEF-1AD2-4152-A54E-554FD6B94803}.Ad-Hoc|x64.ActiveCfg = Release|Any CPU
		{08DDEAEF-1AD2-4152-A54E-554FD6B94803}.Ad-Hoc|x64.Build.0 = Release|Any CPU
		{08DDEAEF-1AD2-4152-A54E-554FD6B94803}.Ad-Hoc|x86.ActiveCfg = Release|Any CPU
		{08DDEAEF-1AD2-4152-A54E-554FD6B94803}.Ad-Hoc|x86.Build.0 = Release|Any CPU
		{08DDEAEF-1AD2-4152-A54E-554FD6B94803}.AppStore|Any CPU.ActiveCfg = Release|Any CPU
		{08DDEAEF-1AD2-4152-A54E-554FD6B94803}.AppStore|Any CPU.Build.0 = Release|Any CPU
		{08DDEAEF-1AD2-4152-A54E-554FD6B94803}.AppStore|ARM.ActiveCfg = Release|Any CPU
		{08DDEAEF-1AD2-4152-A54E-554FD6B94803}.AppStore|ARM.Build.0 = Release|Any CPU
		{08DDEAEF-1AD2-4152-A54E-554FD6B94803}.AppStore|iPhone.ActiveCfg = Release|Any CPU
		{08DDEAEF-1AD2-4152-A54E-554FD6B94803}.AppStore|iPhone.Build.0 = Release|Any CPU
		{08DDEAEF-1AD2-4152-A54E-554FD6B94803}.AppStore|iPhoneSimulator.ActiveCfg = Release|Any CPU
		{08DDEAEF-1AD2-4152-A54E-554FD6B94803}.AppStore|iPhoneSimulator.Build.0 = Release|Any CPU
		{08DDEAEF-1AD2-4152-A54E-554FD6B94803}.AppStore|x64.ActiveCfg = Release|Any CPU
		{08DDEAEF-1AD2-4152-A54E-554FD6B94803}.AppStore|x64.Build.0 = Release|Any CPU
		{08DDEAEF-1AD2-4152-A54E-554FD6B94803}.AppStore|x86.ActiveCfg = Release|Any CPU
		{08DDEAEF-1AD2-4152-A54E-554FD6B94803}.AppStore|x86.Build.0 = Release|Any CPU
		{08DDEAEF-1AD2-4152-A54E-554FD6B94803}.Debug|Any CPU.ActiveCfg = Debug|Any CPU
		{08DDEAEF-1AD2-4152-A54E-554FD6B94803}.Debug|Any CPU.Build.0 = Debug|Any CPU
		{08DDEAEF-1AD2-4152-A54E-554FD6B94803}.Debug|ARM.ActiveCfg = Debug|Any CPU
		{08DDEAEF-1AD2-4152-A54E-554FD6B94803}.Debug|ARM.Build.0 = Debug|Any CPU
		{08DDEAEF-1AD2-4152-A54E-554FD6B94803}.Debug|iPhone.ActiveCfg = Debug|Any CPU
		{08DDEAEF-1AD2-4152-A54E-554FD6B94803}.Debug|iPhone.Build.0 = Debug|Any CPU
		{08DDEAEF-1AD2-4152-A54E-554FD6B94803}.Debug|iPhoneSimulator.ActiveCfg = Debug|Any CPU
		{08DDEAEF-1AD2-4152-A54E-554FD6B94803}.Debug|iPhoneSimulator.Build.0 = Debug|Any CPU
		{08DDEAEF-1AD2-4152-A54E-554FD6B94803}.Debug|x64.ActiveCfg = Debug|Any CPU
		{08DDEAEF-1AD2-4152-A54E-554FD6B94803}.Debug|x64.Build.0 = Debug|Any CPU
		{08DDEAEF-1AD2-4152-A54E-554FD6B94803}.Debug|x86.ActiveCfg = Debug|Any CPU
		{08DDEAEF-1AD2-4152-A54E-554FD6B94803}.Debug|x86.Build.0 = Debug|Any CPU
		{08DDEAEF-1AD2-4152-A54E-554FD6B94803}.Release|Any CPU.ActiveCfg = Release|Any CPU
		{08DDEAEF-1AD2-4152-A54E-554FD6B94803}.Release|Any CPU.Build.0 = Release|Any CPU
		{08DDEAEF-1AD2-4152-A54E-554FD6B94803}.Release|ARM.ActiveCfg = Release|Any CPU
		{08DDEAEF-1AD2-4152-A54E-554FD6B94803}.Release|ARM.Build.0 = Release|Any CPU
		{08DDEAEF-1AD2-4152-A54E-554FD6B94803}.Release|iPhone.ActiveCfg = Release|Any CPU
		{08DDEAEF-1AD2-4152-A54E-554FD6B94803}.Release|iPhone.Build.0 = Release|Any CPU
		{08DDEAEF-1AD2-4152-A54E-554FD6B94803}.Release|iPhoneSimulator.ActiveCfg = Release|Any CPU
		{08DDEAEF-1AD2-4152-A54E-554FD6B94803}.Release|iPhoneSimulator.Build.0 = Release|Any CPU
		{08DDEAEF-1AD2-4152-A54E-554FD6B94803}.Release|x64.ActiveCfg = Release|Any CPU
		{08DDEAEF-1AD2-4152-A54E-554FD6B94803}.Release|x64.Build.0 = Release|Any CPU
		{08DDEAEF-1AD2-4152-A54E-554FD6B94803}.Release|x86.ActiveCfg = Release|Any CPU
		{08DDEAEF-1AD2-4152-A54E-554FD6B94803}.Release|x86.Build.0 = Release|Any CPU
		{A840D649-05DB-48F4-80C8-A5ACB5E12216}.Ad-Hoc|Any CPU.ActiveCfg = Release|x86
		{A840D649-05DB-48F4-80C8-A5ACB5E12216}.Ad-Hoc|Any CPU.Build.0 = Release|x86
		{A840D649-05DB-48F4-80C8-A5ACB5E12216}.Ad-Hoc|Any CPU.Deploy.0 = Release|x86
		{A840D649-05DB-48F4-80C8-A5ACB5E12216}.Ad-Hoc|ARM.ActiveCfg = Release|ARM
		{A840D649-05DB-48F4-80C8-A5ACB5E12216}.Ad-Hoc|ARM.Build.0 = Release|ARM
		{A840D649-05DB-48F4-80C8-A5ACB5E12216}.Ad-Hoc|ARM.Deploy.0 = Release|ARM
		{A840D649-05DB-48F4-80C8-A5ACB5E12216}.Ad-Hoc|iPhone.ActiveCfg = Release|x86
		{A840D649-05DB-48F4-80C8-A5ACB5E12216}.Ad-Hoc|iPhone.Build.0 = Release|x86
		{A840D649-05DB-48F4-80C8-A5ACB5E12216}.Ad-Hoc|iPhone.Deploy.0 = Release|x86
		{A840D649-05DB-48F4-80C8-A5ACB5E12216}.Ad-Hoc|iPhoneSimulator.ActiveCfg = Release|x86
		{A840D649-05DB-48F4-80C8-A5ACB5E12216}.Ad-Hoc|iPhoneSimulator.Build.0 = Release|x86
		{A840D649-05DB-48F4-80C8-A5ACB5E12216}.Ad-Hoc|iPhoneSimulator.Deploy.0 = Release|x86
		{A840D649-05DB-48F4-80C8-A5ACB5E12216}.Ad-Hoc|x64.ActiveCfg = Release|x64
		{A840D649-05DB-48F4-80C8-A5ACB5E12216}.Ad-Hoc|x64.Build.0 = Release|x64
		{A840D649-05DB-48F4-80C8-A5ACB5E12216}.Ad-Hoc|x64.Deploy.0 = Release|x64
		{A840D649-05DB-48F4-80C8-A5ACB5E12216}.Ad-Hoc|x86.ActiveCfg = Release|x86
		{A840D649-05DB-48F4-80C8-A5ACB5E12216}.Ad-Hoc|x86.Build.0 = Release|x86
		{A840D649-05DB-48F4-80C8-A5ACB5E12216}.Ad-Hoc|x86.Deploy.0 = Release|x86
		{A840D649-05DB-48F4-80C8-A5ACB5E12216}.AppStore|Any CPU.ActiveCfg = Release|x86
		{A840D649-05DB-48F4-80C8-A5ACB5E12216}.AppStore|Any CPU.Build.0 = Release|x86
		{A840D649-05DB-48F4-80C8-A5ACB5E12216}.AppStore|Any CPU.Deploy.0 = Release|x86
		{A840D649-05DB-48F4-80C8-A5ACB5E12216}.AppStore|ARM.ActiveCfg = Release|ARM
		{A840D649-05DB-48F4-80C8-A5ACB5E12216}.AppStore|ARM.Build.0 = Release|ARM
		{A840D649-05DB-48F4-80C8-A5ACB5E12216}.AppStore|ARM.Deploy.0 = Release|ARM
		{A840D649-05DB-48F4-80C8-A5ACB5E12216}.AppStore|iPhone.ActiveCfg = Release|x86
		{A840D649-05DB-48F4-80C8-A5ACB5E12216}.AppStore|iPhone.Build.0 = Release|x86
		{A840D649-05DB-48F4-80C8-A5ACB5E12216}.AppStore|iPhone.Deploy.0 = Release|x86
		{A840D649-05DB-48F4-80C8-A5ACB5E12216}.AppStore|iPhoneSimulator.ActiveCfg = Release|x86
		{A840D649-05DB-48F4-80C8-A5ACB5E12216}.AppStore|iPhoneSimulator.Build.0 = Release|x86
		{A840D649-05DB-48F4-80C8-A5ACB5E12216}.AppStore|iPhoneSimulator.Deploy.0 = Release|x86
		{A840D649-05DB-48F4-80C8-A5ACB5E12216}.AppStore|x64.ActiveCfg = Release|x64
		{A840D649-05DB-48F4-80C8-A5ACB5E12216}.AppStore|x64.Build.0 = Release|x64
		{A840D649-05DB-48F4-80C8-A5ACB5E12216}.AppStore|x64.Deploy.0 = Release|x64
		{A840D649-05DB-48F4-80C8-A5ACB5E12216}.AppStore|x86.ActiveCfg = Release|x86
		{A840D649-05DB-48F4-80C8-A5ACB5E12216}.AppStore|x86.Build.0 = Release|x86
		{A840D649-05DB-48F4-80C8-A5ACB5E12216}.AppStore|x86.Deploy.0 = Release|x86
		{A840D649-05DB-48F4-80C8-A5ACB5E12216}.Debug|Any CPU.ActiveCfg = Debug|x86
		{A840D649-05DB-48F4-80C8-A5ACB5E12216}.Debug|ARM.ActiveCfg = Debug|ARM
		{A840D649-05DB-48F4-80C8-A5ACB5E12216}.Debug|ARM.Build.0 = Debug|ARM
		{A840D649-05DB-48F4-80C8-A5ACB5E12216}.Debug|ARM.Deploy.0 = Debug|ARM
		{A840D649-05DB-48F4-80C8-A5ACB5E12216}.Debug|iPhone.ActiveCfg = Debug|x86
		{A840D649-05DB-48F4-80C8-A5ACB5E12216}.Debug|iPhoneSimulator.ActiveCfg = Debug|x86
		{A840D649-05DB-48F4-80C8-A5ACB5E12216}.Debug|x64.ActiveCfg = Debug|x64
		{A840D649-05DB-48F4-80C8-A5ACB5E12216}.Debug|x64.Build.0 = Debug|x64
		{A840D649-05DB-48F4-80C8-A5ACB5E12216}.Debug|x64.Deploy.0 = Debug|x64
		{A840D649-05DB-48F4-80C8-A5ACB5E12216}.Debug|x86.ActiveCfg = Debug|x86
		{A840D649-05DB-48F4-80C8-A5ACB5E12216}.Debug|x86.Build.0 = Debug|x86
		{A840D649-05DB-48F4-80C8-A5ACB5E12216}.Debug|x86.Deploy.0 = Debug|x86
		{A840D649-05DB-48F4-80C8-A5ACB5E12216}.Release|Any CPU.ActiveCfg = Release|x86
		{A840D649-05DB-48F4-80C8-A5ACB5E12216}.Release|ARM.ActiveCfg = Release|ARM
		{A840D649-05DB-48F4-80C8-A5ACB5E12216}.Release|ARM.Build.0 = Release|ARM
		{A840D649-05DB-48F4-80C8-A5ACB5E12216}.Release|ARM.Deploy.0 = Release|ARM
		{A840D649-05DB-48F4-80C8-A5ACB5E12216}.Release|iPhone.ActiveCfg = Release|x86
		{A840D649-05DB-48F4-80C8-A5ACB5E12216}.Release|iPhoneSimulator.ActiveCfg = Release|x86
		{A840D649-05DB-48F4-80C8-A5ACB5E12216}.Release|x64.ActiveCfg = Release|x64
		{A840D649-05DB-48F4-80C8-A5ACB5E12216}.Release|x64.Build.0 = Release|x64
		{A840D649-05DB-48F4-80C8-A5ACB5E12216}.Release|x64.Deploy.0 = Release|x64
		{A840D649-05DB-48F4-80C8-A5ACB5E12216}.Release|x86.ActiveCfg = Release|x86
		{A840D649-05DB-48F4-80C8-A5ACB5E12216}.Release|x86.Build.0 = Release|x86
		{A840D649-05DB-48F4-80C8-A5ACB5E12216}.Release|x86.Deploy.0 = Release|x86
		{4A74064F-CBFD-49A2-AF6C-9B285002BE1E}.Ad-Hoc|Any CPU.ActiveCfg = Ad-Hoc|iPhone
		{4A74064F-CBFD-49A2-AF6C-9B285002BE1E}.Ad-Hoc|ARM.ActiveCfg = Ad-Hoc|iPhone
		{4A74064F-CBFD-49A2-AF6C-9B285002BE1E}.Ad-Hoc|iPhone.ActiveCfg = Ad-Hoc|iPhone
		{4A74064F-CBFD-49A2-AF6C-9B285002BE1E}.Ad-Hoc|iPhone.Build.0 = Ad-Hoc|iPhone
		{4A74064F-CBFD-49A2-AF6C-9B285002BE1E}.Ad-Hoc|iPhoneSimulator.ActiveCfg = Ad-Hoc|iPhoneSimulator
		{4A74064F-CBFD-49A2-AF6C-9B285002BE1E}.Ad-Hoc|iPhoneSimulator.Build.0 = Ad-Hoc|iPhoneSimulator
		{4A74064F-CBFD-49A2-AF6C-9B285002BE1E}.Ad-Hoc|x64.ActiveCfg = Ad-Hoc|iPhone
		{4A74064F-CBFD-49A2-AF6C-9B285002BE1E}.Ad-Hoc|x86.ActiveCfg = Ad-Hoc|iPhone
		{4A74064F-CBFD-49A2-AF6C-9B285002BE1E}.AppStore|Any CPU.ActiveCfg = AppStore|iPhone
		{4A74064F-CBFD-49A2-AF6C-9B285002BE1E}.AppStore|ARM.ActiveCfg = AppStore|iPhone
		{4A74064F-CBFD-49A2-AF6C-9B285002BE1E}.AppStore|iPhone.ActiveCfg = AppStore|iPhone
		{4A74064F-CBFD-49A2-AF6C-9B285002BE1E}.AppStore|iPhone.Build.0 = AppStore|iPhone
		{4A74064F-CBFD-49A2-AF6C-9B285002BE1E}.AppStore|iPhoneSimulator.ActiveCfg = AppStore|iPhoneSimulator
		{4A74064F-CBFD-49A2-AF6C-9B285002BE1E}.AppStore|iPhoneSimulator.Build.0 = AppStore|iPhoneSimulator
		{4A74064F-CBFD-49A2-AF6C-9B285002BE1E}.AppStore|x64.ActiveCfg = AppStore|iPhone
		{4A74064F-CBFD-49A2-AF6C-9B285002BE1E}.AppStore|x86.ActiveCfg = AppStore|iPhone
		{4A74064F-CBFD-49A2-AF6C-9B285002BE1E}.Debug|Any CPU.ActiveCfg = Debug|iPhone
		{4A74064F-CBFD-49A2-AF6C-9B285002BE1E}.Debug|ARM.ActiveCfg = Debug|iPhone
		{4A74064F-CBFD-49A2-AF6C-9B285002BE1E}.Debug|iPhone.ActiveCfg = Debug|iPhone
		{4A74064F-CBFD-49A2-AF6C-9B285002BE1E}.Debug|iPhone.Build.0 = Debug|iPhone
		{4A74064F-CBFD-49A2-AF6C-9B285002BE1E}.Debug|iPhoneSimulator.ActiveCfg = Debug|iPhoneSimulator
		{4A74064F-CBFD-49A2-AF6C-9B285002BE1E}.Debug|iPhoneSimulator.Build.0 = Debug|iPhoneSimulator
		{4A74064F-CBFD-49A2-AF6C-9B285002BE1E}.Debug|x64.ActiveCfg = Debug|iPhone
		{4A74064F-CBFD-49A2-AF6C-9B285002BE1E}.Debug|x86.ActiveCfg = Debug|iPhone
		{4A74064F-CBFD-49A2-AF6C-9B285002BE1E}.Release|Any CPU.ActiveCfg = Release|iPhone
		{4A74064F-CBFD-49A2-AF6C-9B285002BE1E}.Release|ARM.ActiveCfg = Release|iPhone
		{4A74064F-CBFD-49A2-AF6C-9B285002BE1E}.Release|iPhone.ActiveCfg = Release|iPhone
		{4A74064F-CBFD-49A2-AF6C-9B285002BE1E}.Release|iPhone.Build.0 = Release|iPhone
		{4A74064F-CBFD-49A2-AF6C-9B285002BE1E}.Release|iPhoneSimulator.ActiveCfg = Release|iPhoneSimulator
		{4A74064F-CBFD-49A2-AF6C-9B285002BE1E}.Release|iPhoneSimulator.Build.0 = Release|iPhoneSimulator
		{4A74064F-CBFD-49A2-AF6C-9B285002BE1E}.Release|x64.ActiveCfg = Release|iPhone
		{4A74064F-CBFD-49A2-AF6C-9B285002BE1E}.Release|x86.ActiveCfg = Release|iPhone
	EndGlobalSection
	GlobalSection(SolutionProperties) = preSolution
		HideSolutionNode = FALSE
	EndGlobalSection
EndGlobal
